PODS:
  - Expecta (1.0.6)
  - Expecta+Snapshots (3.1.1):
    - Expecta (~> 1.0)
    - FBSnapshotTestCase/Core (~> 2.0)
    - Specta (~> 1.0)
  - FBSnapshotTestCase/Core (2.1.4)
  - jot (0.2.0):
    - Masonry (~> 1.0.2)
  - Masonry (1.0.2)
  - OCHamcrest (6.1.1)
  - OCMockito (4.1.0):
    - OCHamcrest (~> 6.0)
  - Specta (1.0.6)

DEPENDENCIES:
  - Expecta
  - Expecta+Snapshots
  - jot (from `../jot.podspec`)
  - OCMockito
  - Specta

EXTERNAL SOURCES:
  jot:
    :path: "../jot.podspec"

SPEC CHECKSUMS:
  Expecta: 3b6bd90a64b9a1dcb0b70aa0e10a7f8f631667d5
  Expecta+Snapshots: dcff217eef506dabd6dfdc7864ea2da321fafbb8
  FBSnapshotTestCase: 094f9f314decbabe373b87cc339bea235a63e07a
  jot: 91c903c916a4c40c53bbed0ec6edc58d0240b3f4
  Masonry: 7c429b56da9d4ee0bbb3ed77a5ea710d6a5df39e
  OCHamcrest: 363e1bf738c3e8a94abe7c2c415f70d671adde38
  OCMockito: bceefcd365252bcdf8b59c1b2bd23890805fc0d8
  Specta: f506f3a8361de16bc0dcf3b17b75e269072ba465

PODFILE CHECKSUM: a7794cf037c01af9d2e08f4c6a2bdd51b8b88245

COCOAPODS: 1.2.0
